
Microsoft Visual Studio Solution File, Format Version 12.00
# Visual Studio 2012
Project("{FAE04EC0-301F-11D3-BF4B-00C04F79EFBC}") = "Concatenate", "Concatenate\Concatenate.csproj", "{F335B6BF-E958-4B67-B465-668B6F4AF1D7}"
EndProject
Global
	GlobalSection(SolutionConfigurationPlatforms) = preSolution
		Debug|Any CPU = Debug|Any CPU
		Release|Any CPU = Release|Any CPU
	EndGlobalSection
	GlobalSection(ProjectConfigurationPlatforms) = postSolution
		{F335B6BF-E958-4B67-B465-668B6F4AF1D7}.Debug|Any CPU.ActiveCfg = Debug|Any CPU
		{F335B6BF-E958-4B67-B465-668B6F4AF1D7}.Debug|Any CPU.Build.0 = Debug|Any CPU
		{F335B6BF-E958-4B67-B465-668B6F4AF1D7}.Release|Any CPU.ActiveCfg = Release|Any CPU
		{F335B6BF-E958-4B67-B465-668B6F4AF1D7}.Release|Any CPU.Build.0 = Release|Any CPU
	EndGlobalSection
EndGlobal
